
Microsoft Visual Studio Solution File, Format Version 12.00
# Visual Studio 15
VisualStudioVersion = 15.0.26403.3
MinimumVisualStudioVersion = 10.0.40219.1
Project("{FAE04EC0-301F-11D3-BF4B-00C04F79EFBC}") = "SICAM", "SICAM\SICAM.csproj", "{88C5E2DE-A72B-445C-ABF0-4F25D689DC66}"
EndProject
Project("{FAE04EC0-301F-11D3-BF4B-00C04F79EFBC}") = "SICAM.Data.Oracle", "..\SICAM.Data.Oracle\SICAM.Data.Oracle.csproj", "{FB6B7051-6EE9-4219-AC46-DEB31B031E3D}"
EndProject
Project("{FAE04EC0-301F-11D3-BF4B-00C04F79EFBC}") = "SICAM.Data.ActiveDirectory", "..\SICAM.Data.ActiveDirectory\SICAM.Data.ActiveDirectory.csproj", "{FF06F568-80AF-429A-814E-F001E3B80F59}"
EndProject
Project("{FAE04EC0-301F-11D3-BF4B-00C04F79EFBC}") = "SICAM.Data.Firebird", "..\SICAM.Data.Firebird\SICAM.Data.Firebird.csproj", "{D956370B-FDB7-4146-A924-678F59903209}"
EndProject
Global
	GlobalSection(SolutionConfigurationPlatforms) = preSolution
		Debug|Any CPU = Debug|Any CPU
		Release|Any CPU = Release|Any CPU
	EndGlobalSection
	GlobalSection(ProjectConfigurationPlatforms) = postSolution
		{88C5E2DE-A72B-445C-ABF0-4F25D689DC66}.Debug|Any CPU.ActiveCfg = Debug|Any CPU
		{88C5E2DE-A72B-445C-ABF0-4F25D689DC66}.Debug|Any CPU.Build.0 = Debug|Any CPU
		{88C5E2DE-A72B-445C-ABF0-4F25D689DC66}.Release|Any CPU.ActiveCfg = Release|Any CPU
		{88C5E2DE-A72B-445C-ABF0-4F25D689DC66}.Release|Any CPU.Build.0 = Release|Any CPU
		{FB6B7051-6EE9-4219-AC46-DEB31B031E3D}.Debug|Any CPU.ActiveCfg = Debug|Any CPU
		{FB6B7051-6EE9-4219-AC46-DEB31B031E3D}.Debug|Any CPU.Build.0 = Debug|Any CPU
		{FB6B7051-6EE9-4219-AC46-DEB31B031E3D}.Release|Any CPU.ActiveCfg = Release|Any CPU
		{FB6B7051-6EE9-4219-AC46-DEB31B031E3D}.Release|Any CPU.Build.0 = Release|Any CPU
		{FF06F568-80AF-429A-814E-F001E3B80F59}.Debug|Any CPU.ActiveCfg = Debug|Any CPU
		{FF06F568-80AF-429A-814E-F001E3B80F59}.Debug|Any CPU.Build.0 = Debug|Any CPU
		{FF06F568-80AF-429A-814E-F001E3B80F59}.Release|Any CPU.ActiveCfg = Release|Any CPU
		{FF06F568-80AF-429A-814E-F001E3B80F59}.Release|Any CPU.Build.0 = Release|Any CPU
		{D956370B-FDB7-4146-A924-678F59903209}.Debug|Any CPU.ActiveCfg = Debug|Any CPU
		{D956370B-FDB7-4146-A924-678F59903209}.Debug|Any CPU.Build.0 = Debug|Any CPU
		{D956370B-FDB7-4146-A924-678F59903209}.Release|Any CPU.ActiveCfg = Release|Any CPU
		{D956370B-FDB7-4146-A924-678F59903209}.Release|Any CPU.Build.0 = Release|Any CPU
	EndGlobalSection
	GlobalSection(SolutionProperties) = preSolution
		HideSolutionNode = FALSE
	EndGlobalSection
EndGlobal
